
Microsoft Visual Studio Solution File, Format Version 12.00
# Blend for Visual Studio 15
VisualStudioVersion = 15.0.26228.0
MinimumVisualStudioVersion = 10.0.40219.1
Project("{FAE04EC0-301F-11D3-BF4B-00C04F79EFBC}") = "Wpf_MaterialDesignXamlToolkitSample", "Wpf_MaterialDesignXamlToolkitSample\Wpf_MaterialDesignXamlToolkitSample.csproj", "{C6D9E181-BEF9-44F3-B8EF-C260EA9214EE}"
EndProject
Global
	GlobalSection(SolutionConfigurationPlatforms) = preSolution
		Debug|Any CPU = Debug|Any CPU
		Release|Any CPU = Release|Any CPU
	EndGlobalSection
	GlobalSection(ProjectConfigurationPlatforms) = postSolution
		{C6D9E181-BEF9-44F3-B8EF-C260EA9214EE}.Debug|Any CPU.ActiveCfg = Debug|Any CPU
		{C6D9E181-BEF9-44F3-B8EF-C260EA9214EE}.Debug|Any CPU.Build.0 = Debug|Any CPU
		{C6D9E181-BEF9-44F3-B8EF-C260EA9214EE}.Release|Any CPU.ActiveCfg = Release|Any CPU
		{C6D9E181-BEF9-44F3-B8EF-C260EA9214EE}.Release|Any CPU.Build.0 = Release|Any CPU
	EndGlobalSection
	GlobalSection(SolutionProperties) = preSolution
		HideSolutionNode = FALSE
	EndGlobalSection
EndGlobal
